
Microsoft Visual Studio Solution File, Format Version 12.00
# Visual Studio Version 17
VisualStudioVersion = 17.8.34330.188
MinimumVisualStudioVersion = 10.0.40219.1
Project("{FAE04EC0-301F-11D3-BF4B-00C04F79EFBC}") = "DependencyInjection", "DependencyInjection\DependencyInjection.csproj", "{8FE99B0F-460F-47E3-A469-B90A5DC2AE3D}"
EndProject
Global
	GlobalSection(SolutionConfigurationPlatforms) = preSolution
		Debug|Any CPU = Debug|Any CPU
		Release|Any CPU = Release|Any CPU
	EndGlobalSection
	GlobalSection(ProjectConfigurationPlatforms) = postSolution
		{8FE99B0F-460F-47E3-A469-B90A5DC2AE3D}.Debug|Any CPU.ActiveCfg = Debug|Any CPU
		{8FE99B0F-460F-47E3-A469-B90A5DC2AE3D}.Debug|Any CPU.Build.0 = Debug|Any CPU
		{8FE99B0F-460F-47E3-A469-B90A5DC2AE3D}.Release|Any CPU.ActiveCfg = Release|Any CPU
		{8FE99B0F-460F-47E3-A469-B90A5DC2AE3D}.Release|Any CPU.Build.0 = Release|Any CPU
	EndGlobalSection
	GlobalSection(SolutionProperties) = preSolution
		HideSolutionNode = FALSE
	EndGlobalSection
	GlobalSection(ExtensibilityGlobals) = postSolution
		SolutionGuid = {931757E1-652C-4741-9246-00D021648C69}
	EndGlobalSection
EndGlobal
